<?xml version="1.0" encoding="utf-8"?>
<Project ToolsVersion="4.0" xmlns="http://schemas.microsoft.com/developer/msbuild/2003">
  <ItemGroup>
    <Filter Include="Source Files">
      <UniqueIdentifier>{4FC737F1-C7A5-4376-A066-2A32D752A2FF}</UniqueIdentifier>
      <Extensions>cpp;c;cc;cxx;def;odl;idl;hpj;bat;asm;asmx</Extensions>
    </Filter>
    <Filter Include="Header Files">
      <UniqueIdentifier>{93995380-89BD-4b04-88EB-625FBE52EBFB}</UniqueIdentifier>
      <Extensions>h;hh;hpp;hxx;hm;inl;inc;xsd</Extensions>
    </Filter>
    <Filter Include="ImGui">
      <UniqueIdentifier>{1100a992-abbc-40f3-abf5-a80a6a9ac4d3}</UniqueIdentifier>
    </Filter>
    <Filter Include="MinHook">
      <UniqueIdentifier>{c7998a61-e80b-45bf-b58c-8a94755cc727}</UniqueIdentifier>
    </Filter>
  </ItemGroup>
  <ItemGroup>
    <ClCompile Include="dinput8.cpp">
      <Filter>Source Files</Filter>
    </ClCompile>
    <ClCompile Include="SaveBackup.cpp">
      <Filter>Source Files</Filter>
    </ClCompile>
    <ClCompile Include="d3d9.cpp">
      <Filter>Source Files</Filter>
    </ClCompile>
    <ClCompile Include="Cheats.cpp">
      <Filter>Source Files</Filter>
    </ClCompile>
    <ClCompile Include="InGameClock.cpp">
      <Filter>Source Files</Filter>
    </ClCompile>
    <ClCompile Include="iniConfig.cpp">
      <Filter>Source Files</Filter>
    </ClCompile>
    <ClCompile Include="Hotkeys.cpp">
      <Filter>Source Files</Filter>
    </ClCompile>
    <ClCompile Include="Misc.cpp">
      <Filter>Source Files</Filter>
    </ClCompile>
    <ClCompile Include="ItemEditor.cpp">
      <Filter>Source Files</Filter>
    </ClCompile>
    <ClCompile Include="PlayerStats.cpp">
      <Filter>Source Files</Filter>
    </ClCompile>
    <ClCompile Include="Server.cpp">
      <Filter>Source Files</Filter>
    </ClCompile>
    <ClCompile Include="stdafx.cpp">
      <Filter>Source Files</Filter>
    </ClCompile>
    <ClCompile Include="Portcrystals.cpp">
      <Filter>Source Files</Filter>
    </ClCompile>
    <ClCompile Include="InGameUI.cpp">
      <Filter>Source Files</Filter>
    </ClCompile>
    <ClCompile Include="ImGui\imgui.cpp">
      <Filter>ImGui</Filter>
    </ClCompile>
    <ClCompile Include="ImGui\imgui_draw.cpp">
      <Filter>ImGui</Filter>
    </ClCompile>
    <ClCompile Include="ImGui\imgui_impl_dx9.cpp">
      <Filter>ImGui</Filter>
    </ClCompile>
    <ClCompile Include="WeaponSets.cpp">
      <Filter>Source Files</Filter>
    </ClCompile>
    <ClCompile Include="DamageLog.cpp">
      <Filter>Source Files</Filter>
    </ClCompile>
    <ClCompile Include="InclinationProfiles.cpp">
      <Filter>Source Files</Filter>
    </ClCompile>
  </ItemGroup>
  <ItemGroup>
    <ClInclude Include="dinput8.h">
      <Filter>Header Files</Filter>
    </ClInclude>
    <ClInclude Include="README.md" />
    <ClInclude Include="SaveBackup.h">
      <Filter>Header Files</Filter>
    </ClInclude>
    <ClInclude Include="d3d9.h">
      <Filter>Header Files</Filter>
    </ClInclude>
    <ClInclude Include="steam_api.h">
      <Filter>Header Files</Filter>
    </ClInclude>
    <ClInclude Include="Cheats.h">
      <Filter>Header Files</Filter>
    </ClInclude>
    <ClInclude Include="InGameClock.h">
      <Filter>Header Files</Filter>
    </ClInclude>
    <ClInclude Include="iniConfig.h">
      <Filter>Header Files</Filter>
    </ClInclude>
    <ClInclude Include="Hotkeys.h">
      <Filter>Header Files</Filter>
    </ClInclude>
    <ClInclude Include="Misc.h">
      <Filter>Header Files</Filter>
    </ClInclude>
    <ClInclude Include="ItemEditor.h">
      <Filter>Header Files</Filter>
    </ClInclude>
    <ClInclude Include="PlayerStats.h">
      <Filter>Header Files</Filter>
    </ClInclude>
    <ClInclude Include="stdafx.h">
      <Filter>Header Files</Filter>
    </ClInclude>
    <ClInclude Include="Server.h">
      <Filter>Header Files</Filter>
    </ClInclude>
    <ClInclude Include="Portcrystals.h">
      <Filter>Header Files</Filter>
    </ClInclude>
    <ClInclude Include="InGameUI.h">
      <Filter>Header Files</Filter>
    </ClInclude>
    <ClInclude Include="ImGui\imconfig.h">
      <Filter>ImGui</Filter>
    </ClInclude>
    <ClInclude Include="ImGui\imgui.h">
      <Filter>ImGui</Filter>
    </ClInclude>
    <ClInclude Include="ImGui\imgui_impl_dx9.h">
      <Filter>ImGui</Filter>
    </ClInclude>
    <ClInclude Include="ImGui\imgui_internal.h">
      <Filter>ImGui</Filter>
    </ClInclude>
    <ClInclude Include="ImGui\stb_truetype.h">
      <Filter>ImGui</Filter>
    </ClInclude>
    <ClInclude Include="ImGui\stb_rect_pack.h">
      <Filter>ImGui</Filter>
    </ClInclude>
    <ClInclude Include="ImGui\stb_textedit.h">
      <Filter>ImGui</Filter>
    </ClInclude>
    <ClInclude Include="MinHook\MinHook.h">
      <Filter>MinHook</Filter>
    </ClInclude>
    <ClInclude Include="resource.h" />
    <ClInclude Include="WeaponSets.h">
      <Filter>Header Files</Filter>
    </ClInclude>
    <ClInclude Include="DamageLog.h">
      <Filter>Header Files</Filter>
    </ClInclude>
    <ClInclude Include="InclinationProfiles.h">
      <Filter>Header Files</Filter>
    </ClInclude>
  </ItemGroup>
  <ItemGroup>
    <None Include="dinput8.def">
      <Filter>Source Files</Filter>
    </None>
    <None Include="dinput8.ini" />
    <None Include="ImGui\LICENSE">
      <Filter>ImGui</Filter>
    </None>
  </ItemGroup>
  <ItemGroup>
    <Library Include="MinHook\libMinHook-x86-v140-mt.lib">
      <Filter>MinHook</Filter>
    </Library>
    <Library Include="MinHook\libMinHook-x86-v140-mtd.lib">
      <Filter>MinHook</Filter>
    </Library>
  </ItemGroup>
  <ItemGroup>
    <ResourceCompile Include="Version.rc" />
  </ItemGroup>
  <ItemGroup>
    <Text Include="MinHook\LICENSE.txt">
      <Filter>MinHook</Filter>
    </Text>
  </ItemGroup>
</Project>